
Microsoft Visual Studio Solution File, Format Version 12.00
# Visual Studio Version 17
VisualStudioVersion = 17.4.33122.133
MinimumVisualStudioVersion = 10.0.40219.1
Project("{9A19103F-16F7-4668-BE54-9A1E7A4F7556}") = "FlatFileParser", "FlatFileParser\FlatFileParser.csproj", "{75C5EB44-198B-4AE1-A4AB-6EA4E0B2A318}"
EndProject
Project("{FAE04EC0-301F-11D3-BF4B-00C04F79EFBC}") = "FlatFileParserApp", "FlatFileParserApp\FlatFileParserApp.csproj", "{8F809ABC-8820-4EF2-8D61-2737FD8CE224}"
EndProject
Project("{FAE04EC0-301F-11D3-BF4B-00C04F79EFBC}") = "FlatFileParser.Test", "FlatFileParser.Test\FlatFileParser.Test.csproj", "{5698E6FD-1B5D-4B3B-BD0E-4A17A026143D}"
EndProject
Global
	GlobalSection(SolutionConfigurationPlatforms) = preSolution
		Debug|Any CPU = Debug|Any CPU
		Release|Any CPU = Release|Any CPU
	EndGlobalSection
	GlobalSection(ProjectConfigurationPlatforms) = postSolution
		{75C5EB44-198B-4AE1-A4AB-6EA4E0B2A318}.Debug|Any CPU.ActiveCfg = Debug|Any CPU
		{75C5EB44-198B-4AE1-A4AB-6EA4E0B2A318}.Debug|Any CPU.Build.0 = Debug|Any CPU
		{75C5EB44-198B-4AE1-A4AB-6EA4E0B2A318}.Release|Any CPU.ActiveCfg = Release|Any CPU
		{75C5EB44-198B-4AE1-A4AB-6EA4E0B2A318}.Release|Any CPU.Build.0 = Release|Any CPU
		{8F809ABC-8820-4EF2-8D61-2737FD8CE224}.Debug|Any CPU.ActiveCfg = Debug|Any CPU
		{8F809ABC-8820-4EF2-8D61-2737FD8CE224}.Debug|Any CPU.Build.0 = Debug|Any CPU
		{8F809ABC-8820-4EF2-8D61-2737FD8CE224}.Release|Any CPU.ActiveCfg = Release|Any CPU
		{8F809ABC-8820-4EF2-8D61-2737FD8CE224}.Release|Any CPU.Build.0 = Release|Any CPU
		{5698E6FD-1B5D-4B3B-BD0E-4A17A026143D}.Debug|Any CPU.ActiveCfg = Debug|Any CPU
		{5698E6FD-1B5D-4B3B-BD0E-4A17A026143D}.Debug|Any CPU.Build.0 = Debug|Any CPU
		{5698E6FD-1B5D-4B3B-BD0E-4A17A026143D}.Release|Any CPU.ActiveCfg = Release|Any CPU
		{5698E6FD-1B5D-4B3B-BD0E-4A17A026143D}.Release|Any CPU.Build.0 = Release|Any CPU
	EndGlobalSection
	GlobalSection(SolutionProperties) = preSolution
		HideSolutionNode = FALSE
	EndGlobalSection
	GlobalSection(ExtensibilityGlobals) = postSolution
		SolutionGuid = {A35FC34C-A41F-40C0-AB85-5FCAF230BC97}
	EndGlobalSection
EndGlobal
